{
  "name": "ChromeCoursePlanner",
  "lockfileVersion": 2,
  "requires": true,
  "packages": {
    "": {
      "dependencies": {
        "table-dragger": "^1.0.3"
      }
    },
    "node_modules/atoa": {
      "version": "1.0.0",
      "resolved": "https://registry.npmjs.org/atoa/-/atoa-1.0.0.tgz",
      "integrity": "sha512-VVE1H6cc4ai+ZXo/CRWoJiHXrA1qfA31DPnx6D20+kSI547hQN5Greh51LQ1baMRMfxO5K5M4ImMtZbZt2DODQ=="
    },
    "node_modules/babel-runtime": {
      "version": "6.26.0",
      "resolved": "https://registry.npmjs.org/babel-runtime/-/babel-runtime-6.26.0.tgz",
      "integrity": "sha512-ITKNuq2wKlW1fJg9sSW52eepoYgZBggvOAHC0u/CYu/qxQ9EVzThCgR69BnSXLHjy2f7SY5zaQ4yt7H9ZVxY2g==",
      "dependencies": {
        "core-js": "^2.4.0",
        "regenerator-runtime": "^0.11.0"
      }
    },
    "node_modules/contra": {
      "version": "1.9.4",
      "resolved": "https://registry.npmjs.org/contra/-/contra-1.9.4.tgz",
      "integrity": "sha512-N9ArHAqwR/lhPq4OdIAwH4e1btn6EIZMAz4TazjnzCiVECcWUPTma+dRAM38ERImEJBh8NiCCpjoQruSZ+agYg==",
      "dependencies": {
        "atoa": "1.0.0",
        "ticky": "1.0.1"
      }
    },
    "node_modules/core-js": {
      "version": "2.6.12",
      "resolved": "https://registry.npmjs.org/core-js/-/core-js-2.6.12.tgz",
      "integrity": "sha512-Kb2wC0fvsWfQrgk8HU5lW6U/Lcs8+9aaYcy4ZFc6DDlo4nZ7n70dEgE5rtR0oG6ufKDUnrwfWL1mXR5ljDatrQ==",
      "deprecated": "core-js@<3.23.3 is no longer maintained and not recommended for usage due to the number of issues. Because of the V8 engine whims, feature detection in old core-js versions could cause a slowdown up to 100x even if nothing is polyfilled. Some versions have web compatibility issues. Please, upgrade your dependencies to the actual version of core-js.",
      "hasInstallScript": true
    },
    "node_modules/crossvent": {
      "version": "1.5.5",
      "resolved": "https://registry.npmjs.org/crossvent/-/crossvent-1.5.5.tgz",
      "integrity": "sha512-MY4xhBYEnVi+pmTpHCOCsCLYczc0PVtGdPBz6NXNXxikLaUZo4HdAeUb1UqAo3t3yXAloSelTmfxJ+/oUqkW5w==",
      "dependencies": {
        "custom-event": "^1.0.0"
      }
    },
    "node_modules/custom-event": {
      "version": "1.0.1",
      "resolved": "https://registry.npmjs.org/custom-event/-/custom-event-1.0.1.tgz",
      "integrity": "sha512-GAj5FOq0Hd+RsCGVJxZuKaIDXDf3h6GQoNEjFgbLLI/trgtavwUbSnZ5pVfg27DVCaWjIohryS0JFwIJyT2cMg=="
    },
    "node_modules/dragula-with-animation": {
      "version": "3.7.4",
      "resolved": "https://registry.npmjs.org/dragula-with-animation/-/dragula-with-animation-3.7.4.tgz",
      "integrity": "sha512-Kdvld/s4ASLRgP5w8lzK64P+8XUX9ccNGn0rmXDCG9AuvyzUxvVo+HxLQoRMyRPCQWAZ3xzA7b3ghcFIz+QsIA==",
      "dependencies": {
        "contra": "1.9.4",
        "crossvent": "1.5.4"
      }
    },
    "node_modules/dragula-with-animation/node_modules/crossvent": {
      "version": "1.5.4",
      "resolved": "https://registry.npmjs.org/crossvent/-/crossvent-1.5.4.tgz",
      "integrity": "sha512-b6gEmNAh3kemyfNJ0LQzA/29A+YeGwevlSkNp2x0TzLOMYc0b85qRAD06OUuLWLQpR7HdJHNZQTlD1cfwoTrzg==",
      "dependencies": {
        "custom-event": "1.0.0"
      }
    },
    "node_modules/dragula-with-animation/node_modules/custom-event": {
      "version": "1.0.0",
      "resolved": "https://registry.npmjs.org/custom-event/-/custom-event-1.0.0.tgz",
      "integrity": "sha512-6nOXX3UitrmdvSJWoVR2dlzhbX5bEUqmqsMUyx1ypCLZkHHkcuYtdpW3p94RGvcFkTV7DkLo+Ilbwnlwi8L+jw=="
    },
    "node_modules/regenerator-runtime": {
      "version": "0.11.1",
      "resolved": "https://registry.npmjs.org/regenerator-runtime/-/regenerator-runtime-0.11.1.tgz",
      "integrity": "sha512-MguG95oij0fC3QV3URf4V2SDYGJhJnJGqvIIgdECeODCT98wSWDAJ94SSuVpYQUoTcGUIL6L4yNB7j1DFFHSBg=="
    },
    "node_modules/table-dragger": {
      "version": "1.0.3",
      "resolved": "https://registry.npmjs.org/table-dragger/-/table-dragger-1.0.3.tgz",
      "integrity": "sha512-9HpdZ6wRDRUIURE1nxOW37QBW5SrUAiILiDfahpgLNJUzjfKnoU3qShCiSRCyryuqi6t5VPFexXRZdoJSox6ew==",
      "dependencies": {
        "babel-runtime": "^6.20.0",
        "crossvent": "^1.5.5",
        "dragula-with-animation": "^3.7.4"
      }
    },
    "node_modules/ticky": {
      "version": "1.0.1",
      "resolved": "https://registry.npmjs.org/ticky/-/ticky-1.0.1.tgz",
      "integrity": "sha512-RX35iq/D+lrsqhcPWIazM9ELkjOe30MSeoBHQHSsRwd1YuhJO5ui1K1/R0r7N3mFvbLBs33idw+eR6j+w6i/DA=="
    }
  },
  "dependencies": {
    "atoa": {
      "version": "1.0.0",
      "resolved": "https://registry.npmjs.org/atoa/-/atoa-1.0.0.tgz",
      "integrity": "sha512-VVE1H6cc4ai+ZXo/CRWoJiHXrA1qfA31DPnx6D20+kSI547hQN5Greh51LQ1baMRMfxO5K5M4ImMtZbZt2DODQ=="
    },
    "babel-runtime": {
      "version": "6.26.0",
      "resolved": "https://registry.npmjs.org/babel-runtime/-/babel-runtime-6.26.0.tgz",
      "integrity": "sha512-ITKNuq2wKlW1fJg9sSW52eepoYgZBggvOAHC0u/CYu/qxQ9EVzThCgR69BnSXLHjy2f7SY5zaQ4yt7H9ZVxY2g==",
      "requires": {
        "core-js": "^2.4.0",
        "regenerator-runtime": "^0.11.0"
      }
    },
    "contra": {
      "version": "1.9.4",
      "resolved": "https://registry.npmjs.org/contra/-/contra-1.9.4.tgz",
      "integrity": "sha512-N9ArHAqwR/lhPq4OdIAwH4e1btn6EIZMAz4TazjnzCiVECcWUPTma+dRAM38ERImEJBh8NiCCpjoQruSZ+agYg==",
      "requires": {
        "atoa": "1.0.0",
        "ticky": "1.0.1"
      }
    },
    "core-js": {
      "version": "2.6.12",
      "resolved": "https://registry.npmjs.org/core-js/-/core-js-2.6.12.tgz",
      "integrity": "sha512-Kb2wC0fvsWfQrgk8HU5lW6U/Lcs8+9aaYcy4ZFc6DDlo4nZ7n70dEgE5rtR0oG6ufKDUnrwfWL1mXR5ljDatrQ=="
    },
    "crossvent": {
      "version": "1.5.5",
      "resolved": "https://registry.npmjs.org/crossvent/-/crossvent-1.5.5.tgz",
      "integrity": "sha512-MY4xhBYEnVi+pmTpHCOCsCLYczc0PVtGdPBz6NXNXxikLaUZo4HdAeUb1UqAo3t3yXAloSelTmfxJ+/oUqkW5w==",
      "requires": {
        "custom-event": "^1.0.0"
      }
    },
    "custom-event": {
      "version": "1.0.1",
      "resolved": "https://registry.npmjs.org/custom-event/-/custom-event-1.0.1.tgz",
      "integrity": "sha512-GAj5FOq0Hd+RsCGVJxZuKaIDXDf3h6GQoNEjFgbLLI/trgtavwUbSnZ5pVfg27DVCaWjIohryS0JFwIJyT2cMg=="
    },
    "dragula-with-animation": {
      "version": "3.7.4",
      "resolved": "https://registry.npmjs.org/dragula-with-animation/-/dragula-with-animation-3.7.4.tgz",
      "integrity": "sha512-Kdvld/s4ASLRgP5w8lzK64P+8XUX9ccNGn0rmXDCG9AuvyzUxvVo+HxLQoRMyRPCQWAZ3xzA7b3ghcFIz+QsIA==",
      "requires": {
        "contra": "1.9.4",
        "crossvent": "1.5.4"
      },
      "dependencies": {
        "crossvent": {
          "version": "1.5.4",
          "resolved": "https://registry.npmjs.org/crossvent/-/crossvent-1.5.4.tgz",
          "integrity": "sha512-b6gEmNAh3kemyfNJ0LQzA/29A+YeGwevlSkNp2x0TzLOMYc0b85qRAD06OUuLWLQpR7HdJHNZQTlD1cfwoTrzg==",
          "requires": {
            "custom-event": "1.0.0"
          }
        },
        "custom-event": {
          "version": "1.0.0",
          "resolved": "https://registry.npmjs.org/custom-event/-/custom-event-1.0.0.tgz",
          "integrity": "sha512-6nOXX3UitrmdvSJWoVR2dlzhbX5bEUqmqsMUyx1ypCLZkHHkcuYtdpW3p94RGvcFkTV7DkLo+Ilbwnlwi8L+jw=="
        }
      }
    },
    "regenerator-runtime": {
      "version": "0.11.1",
      "resolved": "https://registry.npmjs.org/regenerator-runtime/-/regenerator-runtime-0.11.1.tgz",
      "integrity": "sha512-MguG95oij0fC3QV3URf4V2SDYGJhJnJGqvIIgdECeODCT98wSWDAJ94SSuVpYQUoTcGUIL6L4yNB7j1DFFHSBg=="
    },
    "table-dragger": {
      "version": "1.0.3",
      "resolved": "https://registry.npmjs.org/table-dragger/-/table-dragger-1.0.3.tgz",
      "integrity": "sha512-9HpdZ6wRDRUIURE1nxOW37QBW5SrUAiILiDfahpgLNJUzjfKnoU3qShCiSRCyryuqi6t5VPFexXRZdoJSox6ew==",
      "requires": {
        "babel-runtime": "^6.20.0",
        "crossvent": "^1.5.5",
        "dragula-with-animation": "^3.7.4"
      }
    },
    "ticky": {
      "version": "1.0.1",
      "resolved": "https://registry.npmjs.org/ticky/-/ticky-1.0.1.tgz",
      "integrity": "sha512-RX35iq/D+lrsqhcPWIazM9ELkjOe30MSeoBHQHSsRwd1YuhJO5ui1K1/R0r7N3mFvbLBs33idw+eR6j+w6i/DA=="
    }
  }
}
